
Microsoft Visual Studio Solution File, Format Version 12.00
# Visual Studio Version 17
VisualStudioVersion = 17.13.35825.156
MinimumVisualStudioVersion = 10.0.40219.1
Project("{F184B08F-C81C-45F6-A57F-5ABD9991F28F}") = "読み上げちゃん", "読み上げちゃん\読み上げちゃん.vbproj", "{FEF910C2-F300-4CFB-B8DE-7CA79E8355FA}"
EndProject
Project("{54435603-DBB4-11D2-8724-00A0C9A8B90C}") = "読み上げちゃんセットアップ", "読み上げちゃんセットアップ\読み上げちゃんセットアップ.vdproj", "{60637B89-6FA6-64C5-F5A7-6EFA6F117F94}"
EndProject
Global
	GlobalSection(SolutionConfigurationPlatforms) = preSolution
		Debug|Any CPU = Debug|Any CPU
		Release|Any CPU = Release|Any CPU
	EndGlobalSection
	GlobalSection(ProjectConfigurationPlatforms) = postSolution
		{FEF910C2-F300-4CFB-B8DE-7CA79E8355FA}.Debug|Any CPU.ActiveCfg = Debug|Any CPU
		{FEF910C2-F300-4CFB-B8DE-7CA79E8355FA}.Debug|Any CPU.Build.0 = Debug|Any CPU
		{FEF910C2-F300-4CFB-B8DE-7CA79E8355FA}.Release|Any CPU.ActiveCfg = Release|Any CPU
		{FEF910C2-F300-4CFB-B8DE-7CA79E8355FA}.Release|Any CPU.Build.0 = Release|Any CPU
		{60637B89-6FA6-64C5-F5A7-6EFA6F117F94}.Debug|Any CPU.ActiveCfg = Debug
		{60637B89-6FA6-64C5-F5A7-6EFA6F117F94}.Release|Any CPU.ActiveCfg = Release
	EndGlobalSection
	GlobalSection(SolutionProperties) = preSolution
		HideSolutionNode = FALSE
	EndGlobalSection
	GlobalSection(ExtensibilityGlobals) = postSolution
		SolutionGuid = {19110E5B-6D5F-4AB3-8DF1-7A0729F639A3}
	EndGlobalSection
EndGlobal
